
Microsoft Visual Studio Solution File, Format Version 12.00
# Visual Studio 2012
Project("{F2A71F9B-5D33-465A-A702-920D77279786}") = "MiniC.Compiler", "MiniC.Compiler\MiniC.Compiler.fsproj", "{2860D24F-85D9-4BC7-8463-EE1EC134290D}"
EndProject
Project("{F2A71F9B-5D33-465A-A702-920D77279786}") = "MiniC.Compiler.Tests", "MiniC.Compiler.Tests\MiniC.Compiler.Tests.fsproj", "{ADA721D1-B2FB-4C8C-A435-8D6649A050F2}"
EndProject
Project("{2150E333-8FDC-42A3-9474-1A3956D46DE8}") = "Solution Items", "Solution Items", "{BD1E5409-ACF7-4843-8EA1-CC2D4C7F3587}"
	ProjectSection(SolutionItems) = preProject
		..\docs\Grammar.txt = ..\docs\Grammar.txt
	EndProjectSection
EndProject
Global
	GlobalSection(SolutionConfigurationPlatforms) = preSolution
		Debug|Any CPU = Debug|Any CPU
		Release|Any CPU = Release|Any CPU
	EndGlobalSection
	GlobalSection(ProjectConfigurationPlatforms) = postSolution
		{2860D24F-85D9-4BC7-8463-EE1EC134290D}.Debug|Any CPU.ActiveCfg = Debug|Any CPU
		{2860D24F-85D9-4BC7-8463-EE1EC134290D}.Debug|Any CPU.Build.0 = Debug|Any CPU
		{2860D24F-85D9-4BC7-8463-EE1EC134290D}.Release|Any CPU.ActiveCfg = Release|Any CPU
		{2860D24F-85D9-4BC7-8463-EE1EC134290D}.Release|Any CPU.Build.0 = Release|Any CPU
		{ADA721D1-B2FB-4C8C-A435-8D6649A050F2}.Debug|Any CPU.ActiveCfg = Debug|Any CPU
		{ADA721D1-B2FB-4C8C-A435-8D6649A050F2}.Debug|Any CPU.Build.0 = Debug|Any CPU
		{ADA721D1-B2FB-4C8C-A435-8D6649A050F2}.Release|Any CPU.ActiveCfg = Release|Any CPU
		{ADA721D1-B2FB-4C8C-A435-8D6649A050F2}.Release|Any CPU.Build.0 = Release|Any CPU
	EndGlobalSection
	GlobalSection(SolutionProperties) = preSolution
		HideSolutionNode = FALSE
	EndGlobalSection
EndGlobal
